
Microsoft Visual Studio Solution File, Format Version 12.00
# Visual Studio Version 17
VisualStudioVersion = 17.5.33516.290
MinimumVisualStudioVersion = 10.0.40219.1
Project("{FAE04EC0-301F-11D3-BF4B-00C04F79EFBC}") = "DMAWS_TEST_API", "DMAWS_TEST_API.csproj", "{79937E93-FE7B-43FE-8700-06914CBD9E88}"
EndProject
Global
	GlobalSection(SolutionConfigurationPlatforms) = preSolution
		Debug|Any CPU = Debug|Any CPU
		Release|Any CPU = Release|Any CPU
	EndGlobalSection
	GlobalSection(ProjectConfigurationPlatforms) = postSolution
		{79937E93-FE7B-43FE-8700-06914CBD9E88}.Debug|Any CPU.ActiveCfg = Debug|Any CPU
		{79937E93-FE7B-43FE-8700-06914CBD9E88}.Debug|Any CPU.Build.0 = Debug|Any CPU
		{79937E93-FE7B-43FE-8700-06914CBD9E88}.Release|Any CPU.ActiveCfg = Release|Any CPU
		{79937E93-FE7B-43FE-8700-06914CBD9E88}.Release|Any CPU.Build.0 = Release|Any CPU
	EndGlobalSection
	GlobalSection(SolutionProperties) = preSolution
		HideSolutionNode = FALSE
	EndGlobalSection
	GlobalSection(ExtensibilityGlobals) = postSolution
		SolutionGuid = {F39B755C-FAE5-4C42-BEA4-283CADDF9DD1}
	EndGlobalSection
EndGlobal
